// !$*UTF8*$!
{
	archiveVersion = 1;
	classes = {
	};
	objectVersion = 50;
	objects = {

/* Begin PBXBuildFile section */
		E64A0F57221ADE9700BA005C /* AppDelegate.swift in Sources */ = {isa = PBXBuildFile; fileRef = E64A0F56221ADE9700BA005C /* AppDelegate.swift */; };
		E64A0F59221ADE9700BA005C /* ViewController.swift in Sources */ = {isa = PBXBuildFile; fileRef = E64A0F58221ADE9700BA005C /* ViewController.swift */; };
		E64A0F5C221ADE9700BA005C /* Main.storyboard in Resources */ = {isa = PBXBuildFile; fileRef = E64A0F5A221ADE9700BA005C /* Main.storyboard */; };
		E64A0F5E221ADE9800BA005C /* Assets.xcassets in Resources */ = {isa = PBXBuildFile; fileRef = E64A0F5D221ADE9800BA005C /* Assets.xcassets */; };
		E64A0F61221ADE9800BA005C /* LaunchScreen.storyboard in Resources */ = {isa = PBXBuildFile; fileRef = E64A0F5F221ADE9800BA005C /* LaunchScreen.storyboard */; };
		E64A0F6C221ADE9800BA005C /* iOSTurtorialTests.swift in Sources */ = {isa = PBXBuildFile; fileRef = E64A0F6B221ADE9800BA005C /* iOSTurtorialTests.swift */; };
		E64A0F77221ADE9800BA005C /* iOSTurtorialUITests.swift in Sources */ = {isa = PBXBuildFile; fileRef = E64A0F76221ADE9800BA005C /* iOSTurtorialUITests.swift */; };
		E64A0F87221B02FD00BA005C /* ListViewController.storyboard in Resources */ = {isa = PBXBuildFile; fileRef = E64A0F86221B02FD00BA005C /* ListViewController.storyboard */; };
		E64A0F89221B04FC00BA005C /* ListViewController.swift in Sources */ = {isa = PBXBuildFile; fileRef = E64A0F88221B04FC00BA005C /* ListViewController.swift */; };
/* End PBXBuildFile section */

/* Begin PBXContainerItemProxy section */
		E64A0F68221ADE9800BA005C /* PBXContainerItemProxy */ = {
			isa = PBXContainerItemProxy;
			containerPortal = E64A0F4B221ADE9700BA005C /* Project object */;
			proxyType = 1;
			remoteGlobalIDString = E64A0F52221ADE9700BA005C;
			remoteInfo = iOSTurtorial;
		};
		E64A0F73221ADE9800BA005C /* PBXContainerItemProxy */ = {
			isa = PBXContainerItemProxy;
			containerPortal = E64A0F4B221ADE9700BA005C /* Project object */;
			proxyType = 1;
			remoteGlobalIDString = E64A0F52221ADE9700BA005C;
			remoteInfo = iOSTurtorial;
		};
/* End PBXContainerItemProxy section */

/* Begin PBXFileReference section */
		E64A0F53221ADE9700BA005C /* iOSTurtorial.app */ = {isa = PBXFileReference; explicitFileType = wrapper.application; includeInIndex = 0; path = iOSTurtorial.app; sourceTree = BUILT_PRODUCTS_DIR; };
		E64A0F56221ADE9700BA005C /* AppDelegate.swift */ = {isa = PBXFileReference; lastKnownFileType = sourcecode.swift; path = AppDelegate.swift; sourceTree = "<group>"; };
		E64A0F58221ADE9700BA005C /* ViewController.swift */ = {isa = PBXFileReference; lastKnownFileType = sourcecode.swift; path = ViewController.swift; sourceTree = "<group>"; };
		E64A0F5B221ADE9700BA005C /* Base */ = {isa = PBXFileReference; lastKnownFileType = file.storyboard; name = Base; path = Base.lproj/Main.storyboard; sourceTree = "<group>"; };
		E64A0F5D221ADE9800BA005C /* Assets.xcassets */ = {isa = PBXFileReference; lastKnownFileType = folder.assetcatalog; path = Assets.xcassets; sourceTree = "<group>"; };
		E64A0F60221ADE9800BA005C /* Base */ = {isa = PBXFileReference; lastKnownFileType = file.storyboard; name = Base; path = Base.lproj/LaunchScreen.storyboard; sourceTree = "<group>"; };
		E64A0F62221ADE9800BA005C /* Info.plist */ = {isa = PBXFileReference; lastKnownFileType = text.plist.xml; path = Info.plist; sourceTree = "<group>"; };
		E64A0F67221ADE9800BA005C /* iOSTurtorialTests.xctest */ = {isa = PBXFileReference; explicitFileType = wrapper.cfbundle; includeInIndex = 0; path = iOSTurtorialTests.xctest; sourceTree = BUILT_PRODUCTS_DIR; };
		E64A0F6B221ADE9800BA005C /* iOSTurtorialTests.swift */ = {isa = PBXFileReference; lastKnownFileType = sourcecode.swift; path = iOSTurtorialTests.swift; sourceTree = "<group>"; };
		E64A0F6D221ADE9800BA005C /* Info.plist */ = {isa = PBXFileReference; lastKnownFileType = text.plist.xml; path = Info.plist; sourceTree = "<group>"; };
		E64A0F72221ADE9800BA005C /* iOSTurtorialUITests.xctest */ = {isa = PBXFileReference; explicitFileType = wrapper.cfbundle; includeInIndex = 0; path = iOSTurtorialUITests.xctest; sourceTree = BUILT_PRODUCTS_DIR; };
		E64A0F76221ADE9800BA005C /* iOSTurtorialUITests.swift */ = {isa = PBXFileReference; lastKnownFileType = sourcecode.swift; path = iOSTurtorialUITests.swift; sourceTree = "<group>"; };
		E64A0F78221ADE9800BA005C /* Info.plist */ = {isa = PBXFileReference; lastKnownFileType = text.plist.xml; path = Info.plist; sourceTree = "<group>"; };
		E64A0F86221B02FD00BA005C /* ListViewController.storyboard */ = {isa = PBXFileReference; lastKnownFileType = file.storyboard; path = ListViewController.storyboard; sourceTree = "<group>"; };
		E64A0F88221B04FC00BA005C /* ListViewController.swift */ = {isa = PBXFileReference; lastKnownFileType = sourcecode.swift; path = ListViewController.swift; sourceTree = "<group>"; };
/* End PBXFileReference section */

/* Begin PBXFrameworksBuildPhase section */
		E64A0F50221ADE9700BA005C /* Frameworks */ = {
			isa = PBXFrameworksBuildPhase;
			buildActionMask = 2147483647;
			files = (
			);
			runOnlyForDeploymentPostprocessing = 0;
		};
		E64A0F64221ADE9800BA005C /* Frameworks */ = {
			isa = PBXFrameworksBuildPhase;
			buildActionMask = 2147483647;
			files = (
			);
			runOnlyForDeploymentPostprocessing = 0;
		};
		E64A0F6F221ADE9800BA005C /* Frameworks */ = {
			isa = PBXFrameworksBuildPhase;
			buildActionMask = 2147483647;
			files = (
			);
			runOnlyForDeploymentPostprocessing = 0;
		};
/* End PBXFrameworksBuildPhase section */

/* Begin PBXGroup section */
		E64A0F4A221ADE9700BA005C = {
			isa = PBXGroup;
			children = (
				E64A0F55221ADE9700BA005C /* iOSTurtorial */,
				E64A0F6A221ADE9800BA005C /* iOSTurtorialTests */,
				E64A0F75221ADE9800BA005C /* iOSTurtorialUITests */,
				E64A0F54221ADE9700BA005C /* Products */,
			);
			sourceTree = "<group>";
		};
		E64A0F54221ADE9700BA005C /* Products */ = {
			isa = PBXGroup;
			children = (
				E64A0F53221ADE9700BA005C /* iOSTurtorial.app */,
				E64A0F67221ADE9800BA005C /* iOSTurtorialTests.xctest */,
				E64A0F72221ADE9800BA005C /* iOSTurtorialUITests.xctest */,
			);
			name = Products;
			sourceTree = "<group>";
		};
		E64A0F55221ADE9700BA005C /* iOSTurtorial */ = {
			isa = PBXGroup;
			children = (
				E64A0F56221ADE9700BA005C /* AppDelegate.swift */,
				E64A0F58221ADE9700BA005C /* ViewController.swift */,
				E64A0F5A221ADE9700BA005C /* Main.storyboard */,
				E64A0F88221B04FC00BA005C /* ListViewController.swift */,
				E64A0F86221B02FD00BA005C /* ListViewController.storyboard */,
				E64A0F5D221ADE9800BA005C /* Assets.xcassets */,
				E64A0F5F221ADE9800BA005C /* LaunchScreen.storyboard */,
				E64A0F62221ADE9800BA005C /* Info.plist */,
			);
			path = iOSTurtorial;
			sourceTree = "<group>";
		};
		E64A0F6A221ADE9800BA005C /* iOSTurtorialTests */ = {
			isa = PBXGroup;
			children = (
				E64A0F6B221ADE9800BA005C /* iOSTurtorialTests.swift */,
				E64A0F6D221ADE9800BA005C /* Info.plist */,
			);
			path = iOSTurtorialTests;
			sourceTree = "<group>";
		};
		E64A0F75221ADE9800BA005C /* iOSTurtorialUITests */ = {
			isa = PBXGroup;
			children = (
				E64A0F76221ADE9800BA005C /* iOSTurtorialUITests.swift */,
				E64A0F78221ADE9800BA005C /* Info.plist */,
			);
			path = iOSTurtorialUITests;
			sourceTree = "<group>";
		};
/* End PBXGroup section */

/* Begin PBXNativeTarget section */
		E64A0F52221ADE9700BA005C /* iOSTurtorial */ = {
			isa = PBXNativeTarget;
			buildConfigurationList = E64A0F7B221ADE9800BA005C /* Build configuration list for PBXNativeTarget "iOSTurtorial" */;
			buildPhases = (
				E64A0F4F221ADE9700BA005C /* Sources */,
				E64A0F50221ADE9700BA005C /* Frameworks */,
				E64A0F51221ADE9700BA005C /* Resources */,
			);
			buildRules = (
			);
			dependencies = (
			);
			name = iOSTurtorial;
			productName = iOSTurtorial;
			productReference = E64A0F53221ADE9700BA005C /* iOSTurtorial.app */;
			productType = "com.apple.product-type.application";
		};
		E64A0F66221ADE9800BA005C /* iOSTurtorialTests */ = {
			isa = PBXNativeTarget;
			buildConfigurationList = E64A0F7E221ADE9800BA005C /* Build configuration list for PBXNativeTarget "iOSTurtorialTests" */;
			buildPhases = (
				E64A0F63221ADE9800BA005C /* Sources */,
				E64A0F64221ADE9800BA005C /* Frameworks */,
				E64A0F65221ADE9800BA005C /* Resources */,
			);
			buildRules = (
			);
			dependencies = (
				E64A0F69221ADE9800BA005C /* PBXTargetDependency */,
			);
			name = iOSTurtorialTests;
			productName = iOSTurtorialTests;
			productReference = E64A0F67221ADE9800BA005C /* iOSTurtorialTests.xctest */;
			productType = "com.apple.product-type.bundle.unit-test";
		};
		E64A0F71221ADE9800BA005C /* iOSTurtorialUITests */ = {
			isa = PBXNativeTarget;
			buildConfigurationList = E64A0F81221ADE9800BA005C /* Build configuration list for PBXNativeTarget "iOSTurtorialUITests" */;
			buildPhases = (
				E64A0F6E221ADE9800BA005C /* Sources */,
				E64A0F6F221ADE9800BA005C /* Frameworks */,
				E64A0F70221ADE9800BA005C /* Resources */,
			);
			buildRules = (
			);
			dependencies = (
				E64A0F74221ADE9800BA005C /* PBXTargetDependency */,
			);
			name = iOSTurtorialUITests;
			productName = iOSTurtorialUITests;
			productReference = E64A0F72221ADE9800BA005C /* iOSTurtorialUITests.xctest */;
			productType = "com.apple.product-type.bundle.ui-testing";
		};
/* End PBXNativeTarget section */

/* Begin PBXProject section */
		E64A0F4B221ADE9700BA005C /* Project object */ = {
			isa = PBXProject;
			attributes = {
				LastSwiftUpdateCheck = 1010;
				LastUpgradeCheck = 1010;
				ORGANIZATIONNAME = "Kyosuke Nakanishi";
				TargetAttributes = {
					E64A0F52221ADE9700BA005C = {
						CreatedOnToolsVersion = 10.1;
					};
					E64A0F66221ADE9800BA005C = {
						CreatedOnToolsVersion = 10.1;
						TestTargetID = E64A0F52221ADE9700BA005C;
					};
					E64A0F71221ADE9800BA005C = {
						CreatedOnToolsVersion = 10.1;
						TestTargetID = E64A0F52221ADE9700BA005C;
					};
				};
			};
			buildConfigurationList = E64A0F4E221ADE9700BA005C /* Build configuration list for PBXProject "iOSTurtorial" */;
			compatibilityVersion = "Xcode 9.3";
			developmentRegion = en;
			hasScannedForEncodings = 0;
			knownRegions = (
				en,
				Base,
			);
			mainGroup = E64A0F4A221ADE9700BA005C;
			productRefGroup = E64A0F54221ADE9700BA005C /* Products */;
			projectDirPath = "";
			projectRoot = "";
			targets = (
				E64A0F52221ADE9700BA005C /* iOSTurtorial */,
				E64A0F66221ADE9800BA005C /* iOSTurtorialTests */,
				E64A0F71221ADE9800BA005C /* iOSTurtorialUITests */,
			);
		};
/* End PBXProject section */

/* Begin PBXResourcesBuildPhase section */
		E64A0F51221ADE9700BA005C /* Resources */ = {
			isa = PBXResourcesBuildPhase;
			buildActionMask = 2147483647;
			files = (
				E64A0F61221ADE9800BA005C /* LaunchScreen.storyboard in Resources */,
				E64A0F5E221ADE9800BA005C /* Assets.xcassets in Resources */,
				E64A0F5C221ADE9700BA005C /* Main.storyboard in Resources */,
				E64A0F87221B02FD00BA005C /* ListViewController.storyboard in Resources */,
			);
			runOnlyForDeploymentPostprocessing = 0;
		};
		E64A0F65221ADE9800BA005C /* Resources */ = {
			isa = PBXResourcesBuildPhase;
			buildActionMask = 2147483647;
			files = (
			);
			runOnlyForDeploymentPostprocessing = 0;
		};
		E64A0F70221ADE9800BA005C /* Resources */ = {
			isa = PBXResourcesBuildPhase;
			buildActionMask = 2147483647;
			files = (
			);
			runOnlyForDeploymentPostprocessing = 0;
		};
/* End PBXResourcesBuildPhase section */

/* Begin PBXSourcesBuildPhase section */
		E64A0F4F221ADE9700BA005C /* Sources */ = {
			isa = PBXSourcesBuildPhase;
			buildActionMask = 2147483647;
			files = (
				E64A0F59221ADE9700BA005C /* ViewController.swift in Sources */,
				E64A0F57221ADE9700BA005C /* AppDelegate.swift in Sources */,
				E64A0F89221B04FC00BA005C /* ListViewController.swift in Sources */,
			);
			runOnlyForDeploymentPostprocessing = 0;
		};
		E64A0F63221ADE9800BA005C /* Sources */ = {
			isa = PBXSourcesBuildPhase;
			buildActionMask = 2147483647;
			files = (
				E64A0F6C221ADE9800BA005C /* iOSTurtorialTests.swift in Sources */,
			);
			runOnlyForDeploymentPostprocessing = 0;
		};
		E64A0F6E221ADE9800BA005C /* Sources */ = {
			isa = PBXSourcesBuildPhase;
			buildActionMask = 2147483647;
			files = (
				E64A0F77221ADE9800BA005C /* iOSTurtorialUITests.swift in Sources */,
			);
			runOnlyForDeploymentPostprocessing = 0;
		};
/* End PBXSourcesBuildPhase section */

/* Begin PBXTargetDependency section */
		E64A0F69221ADE9800BA005C /* PBXTargetDependency */ = {
			isa = PBXTargetDependency;
			target = E64A0F52221ADE9700BA005C /* iOSTurtorial */;
			targetProxy = E64A0F68221ADE9800BA005C /* PBXContainerItemProxy */;
		};
		E64A0F74221ADE9800BA005C /* PBXTargetDependency */ = {
			isa = PBXTargetDependency;
			target = E64A0F52221ADE9700BA005C /* iOSTurtorial */;
			targetProxy = E64A0F73221ADE9800BA005C /* PBXContainerItemProxy */;
		};
/* End PBXTargetDependency section */

/* Begin PBXVariantGroup section */
		E64A0F5A221ADE9700BA005C /* Main.storyboard */ = {
			isa = PBXVariantGroup;
			children = (
				E64A0F5B221ADE9700BA005C /* Base */,
			);
			name = Main.storyboard;
			sourceTree = "<group>";
		};
		E64A0F5F221ADE9800BA005C /* LaunchScreen.storyboard */ = {
			isa = PBXVariantGroup;
			children = (
				E64A0F60221ADE9800BA005C /* Base */,
			);
			name = LaunchScreen.storyboard;
			sourceTree = "<group>";
		};
/* End PBXVariantGroup section */

/* Begin XCBuildConfiguration section */
		E64A0F79221ADE9800BA005C /* Debug */ = {
			isa = XCBuildConfiguration;
			buildSettings = {
				ALWAYS_SEARCH_USER_PATHS = NO;
				CLANG_ANALYZER_NONNULL = YES;
				CLANG_ANALYZER_NUMBER_OBJECT_CONVERSION = YES_AGGRESSIVE;
				CLANG_CXX_LANGUAGE_STANDARD = "gnu++14";
				CLANG_CXX_LIBRARY = "libc++";
				CLANG_ENABLE_MODULES = YES;
				CLANG_ENABLE_OBJC_ARC = YES;
				CLANG_ENABLE_OBJC_WEAK = YES;
				CLANG_WARN_BLOCK_CAPTURE_AUTORELEASING = YES;
				CLANG_WARN_BOOL_CONVERSION = YES;
				CLANG_WARN_COMMA = YES;
				CLANG_WARN_CONSTANT_CONVERSION = YES;
				CLANG_WARN_DEPRECATED_OBJC_IMPLEMENTATIONS = YES;
				CLANG_WARN_DIRECT_OBJC_ISA_USAGE = YES_ERROR;
				CLANG_WARN_DOCUMENTATION_COMMENTS = YES;
				CLANG_WARN_EMPTY_BODY = YES;
				CLANG_WARN_ENUM_CONVERSION = YES;
				CLANG_WARN_INFINITE_RECURSION = YES;
				CLANG_WARN_INT_CONVERSION = YES;
				CLANG_WARN_NON_LITERAL_NULL_CONVERSION = YES;
				CLANG_WARN_OBJC_IMPLICIT_RETAIN_SELF = YES;
				CLANG_WARN_OBJC_LITERAL_CONVERSION = YES;
				CLANG_WARN_OBJC_ROOT_CLASS = YES_ERROR;
				CLANG_WARN_RANGE_LOOP_ANALYSIS = YES;
				CLANG_WARN_STRICT_PROTOTYPES = YES;
				CLANG_WARN_SUSPICIOUS_MOVE = YES;
				CLANG_WARN_UNGUARDED_AVAILABILITY = YES_AGGRESSIVE;
				CLANG_WARN_UNREACHABLE_CODE = YES;
				CLANG_WARN__DUPLICATE_METHOD_MATCH = YES;
				CODE_SIGN_IDENTITY = "iPhone Developer";
				COPY_PHASE_STRIP = NO;
				DEBUG_INFORMATION_FORMAT = dwarf;
				ENABLE_STRICT_OBJC_MSGSEND = YES;
				ENABLE_TESTABILITY = YES;
				GCC_C_LANGUAGE_STANDARD = gnu11;
				GCC_DYNAMIC_NO_PIC = NO;
				GCC_NO_COMMON_BLOCKS = YES;
				GCC_OPTIMIZATION_LEVEL = 0;
				GCC_PREPROCESSOR_DEFINITIONS = (
					"DEBUG=1",
					"$(inherited)",
				);
				GCC_WARN_64_TO_32_BIT_CONVERSION = YES;
				GCC_WARN_ABOUT_RETURN_TYPE = YES_ERROR;
				GCC_WARN_UNDECLARED_SELECTOR = YES;
				GCC_WARN_UNINITIALIZED_AUTOS = YES_AGGRESSIVE;
				GCC_WARN_UNUSED_FUNCTION = YES;
				GCC_WARN_UNUSED_VARIABLE = YES;
				IPHONEOS_DEPLOYMENT_TARGET = 12.1;
				MTL_ENABLE_DEBUG_INFO = INCLUDE_SOURCE;
				MTL_FAST_MATH = YES;
				ONLY_ACTIVE_ARCH = YES;
				SDKROOT = iphoneos;
				SWIFT_ACTIVE_COMPILATION_CONDITIONS = DEBUG;
				SWIFT_OPTIMIZATION_LEVEL = "-Onone";
			};
			name = Debug;
		};
		E64A0F7A221ADE9800BA005C /* Release */ = {
			isa = XCBuildConfiguration;
			buildSettings = {
				ALWAYS_SEARCH_USER_PATHS = NO;
				CLANG_ANALYZER_NONNULL = YES;
				CLANG_ANALYZER_NUMBER_OBJECT_CONVERSION = YES_AGGRESSIVE;
				CLANG_CXX_LANGUAGE_STANDARD = "gnu++14";
				CLANG_CXX_LIBRARY = "libc++";
				CLANG_ENABLE_MODULES = YES;
				CLANG_ENABLE_OBJC_ARC = YES;
				CLANG_ENABLE_OBJC_WEAK = YES;
				CLANG_WARN_BLOCK_CAPTURE_AUTORELEASING = YES;
				CLANG_WARN_BOOL_CONVERSION = YES;
				CLANG_WARN_COMMA = YES;
				CLANG_WARN_CONSTANT_CONVERSION = YES;
				CLANG_WARN_DEPRECATED_OBJC_IMPLEMENTATIONS = YES;
				CLANG_WARN_DIRECT_OBJC_ISA_USAGE = YES_ERROR;
				CLANG_WARN_DOCUMENTATION_COMMENTS = YES;
				CLANG_WARN_EMPTY_BODY = YES;
				CLANG_WARN_ENUM_CONVERSION = YES;
				CLANG_WARN_INFINITE_RECURSION = YES;
				CLANG_WARN_INT_CONVERSION = YES;
				CLANG_WARN_NON_LITERAL_NULL_CONVERSION = YES;
				CLANG_WARN_OBJC_IMPLICIT_RETAIN_SELF = YES;
				CLANG_WARN_OBJC_LITERAL_CONVERSION = YES;
				CLANG_WARN_OBJC_ROOT_CLASS = YES_ERROR;
				CLANG_WARN_RANGE_LOOP_ANALYSIS = YES;
				CLANG_WARN_STRICT_PROTOTYPES = YES;
				CLANG_WARN_SUSPICIOUS_MOVE = YES;
				CLANG_WARN_UNGUARDED_AVAILABILITY = YES_AGGRESSIVE;
				CLANG_WARN_UNREACHABLE_CODE = YES;
				CLANG_WARN__DUPLICATE_METHOD_MATCH = YES;
				CODE_SIGN_IDENTITY = "iPhone Developer";
				COPY_PHASE_STRIP = NO;
				DEBUG_INFORMATION_FORMAT = "dwarf-with-dsym";
				ENABLE_NS_ASSERTIONS = NO;
				ENABLE_STRICT_OBJC_MSGSEND = YES;
				GCC_C_LANGUAGE_STANDARD = gnu11;
				GCC_NO_COMMON_BLOCKS = YES;
				GCC_WARN_64_TO_32_BIT_CONVERSION = YES;
				GCC_WARN_ABOUT_RETURN_TYPE = YES_ERROR;
				GCC_WARN_UNDECLARED_SELECTOR = YES;
				GCC_WARN_UNINITIALIZED_AUTOS = YES_AGGRESSIVE;
				GCC_WARN_UNUSED_FUNCTION = YES;
				GCC_WARN_UNUSED_VARIABLE = YES;
				IPHONEOS_DEPLOYMENT_TARGET = 12.1;
				MTL_ENABLE_DEBUG_INFO = NO;
				MTL_FAST_MATH = YES;
				SDKROOT = iphoneos;
				SWIFT_COMPILATION_MODE = wholemodule;
				SWIFT_OPTIMIZATION_LEVEL = "-O";
				VALIDATE_PRODUCT = YES;
			};
			name = Release;
		};
		E64A0F7C221ADE9800BA005C /* Debug */ = {
			isa = XCBuildConfiguration;
			buildSettings = {
				ASSETCATALOG_COMPILER_APPICON_NAME = AppIcon;
				CODE_SIGN_STYLE = Automatic;
				INFOPLIST_FILE = iOSTurtorial/Info.plist;
				LD_RUNPATH_SEARCH_PATHS = (
					"$(inherited)",
					"@executable_path/Frameworks",
				);
				PRODUCT_BUNDLE_IDENTIFIER = com.nakanisynth.iOSTurtorial;
				PRODUCT_NAME = "$(TARGET_NAME)";
				SWIFT_VERSION = 4.2;
				TARGETED_DEVICE_FAMILY = "1,2";
			};
			name = Debug;
		};
		E64A0F7D221ADE9800BA005C /* Release */ = {
			isa = XCBuildConfiguration;
			buildSettings = {
				ASSETCATALOG_COMPILER_APPICON_NAME = AppIcon;
				CODE_SIGN_STYLE = Automatic;
				INFOPLIST_FILE = iOSTurtorial/Info.plist;
				LD_RUNPATH_SEARCH_PATHS = (
					"$(inherited)",
					"@executable_path/Frameworks",
				);
				PRODUCT_BUNDLE_IDENTIFIER = com.nakanisynth.iOSTurtorial;
				PRODUCT_NAME = "$(TARGET_NAME)";
				SWIFT_VERSION = 4.2;
				TARGETED_DEVICE_FAMILY = "1,2";
			};
			name = Release;
		};
		E64A0F7F221ADE9800BA005C /* Debug */ = {
			isa = XCBuildConfiguration;
			buildSettings = {
				ALWAYS_EMBED_SWIFT_STANDARD_LIBRARIES = YES;
				BUNDLE_LOADER = "$(TEST_HOST)";
				CODE_SIGN_STYLE = Automatic;
				INFOPLIST_FILE = iOSTurtorialTests/Info.plist;
				LD_RUNPATH_SEARCH_PATHS = (
					"$(inherited)",
					"@executable_path/Frameworks",
					"@loader_path/Frameworks",
				);
				PRODUCT_BUNDLE_IDENTIFIER = com.nakanisynth.iOSTurtorialTests;
				PRODUCT_NAME = "$(TARGET_NAME)";
				SWIFT_VERSION = 4.2;
				TARGETED_DEVICE_FAMILY = "1,2";
				TEST_HOST = "$(BUILT_PRODUCTS_DIR)/iOSTurtorial.app/iOSTurtorial";
			};
			name = Debug;
		};
		E64A0F80221ADE9800BA005C /* Release */ = {
			isa = XCBuildConfiguration;
			buildSettings = {
				ALWAYS_EMBED_SWIFT_STANDARD_LIBRARIES = YES;
				BUNDLE_LOADER = "$(TEST_HOST)";
				CODE_SIGN_STYLE = Automatic;
				INFOPLIST_FILE = iOSTurtorialTests/Info.plist;
				LD_RUNPATH_SEARCH_PATHS = (
					"$(inherited)",
					"@executable_path/Frameworks",
					"@loader_path/Frameworks",
				);
				PRODUCT_BUNDLE_IDENTIFIER = com.nakanisynth.iOSTurtorialTests;
				PRODUCT_NAME = "$(TARGET_NAME)";
				SWIFT_VERSION = 4.2;
				TARGETED_DEVICE_FAMILY = "1,2";
				TEST_HOST = "$(BUILT_PRODUCTS_DIR)/iOSTurtorial.app/iOSTurtorial";
			};
			name = Release;
		};
		E64A0F82221ADE9800BA005C /* Debug */ = {
			isa = XCBuildConfiguration;
			buildSettings = {
				ALWAYS_EMBED_SWIFT_STANDARD_LIBRARIES = YES;
				CODE_SIGN_STYLE = Automatic;
				INFOPLIST_FILE = iOSTurtorialUITests/Info.plist;
				LD_RUNPATH_SEARCH_PATHS = (
					"$(inherited)",
					"@executable_path/Frameworks",
					"@loader_path/Frameworks",
				);
				PRODUCT_BUNDLE_IDENTIFIER = com.nakanisynth.iOSTurtorialUITests;
				PRODUCT_NAME = "$(TARGET_NAME)";
				SWIFT_VERSION = 4.2;
				TARGETED_DEVICE_FAMILY = "1,2";
				TEST_TARGET_NAME = iOSTurtorial;
			};
			name = Debug;
		};
		E64A0F83221ADE9800BA005C /* Release */ = {
			isa = XCBuildConfiguration;
			buildSettings = {
				ALWAYS_EMBED_SWIFT_STANDARD_LIBRARIES = YES;
				CODE_SIGN_STYLE = Automatic;
				INFOPLIST_FILE = iOSTurtorialUITests/Info.plist;
				LD_RUNPATH_SEARCH_PATHS = (
					"$(inherited)",
					"@executable_path/Frameworks",
					"@loader_path/Frameworks",
				);
				PRODUCT_BUNDLE_IDENTIFIER = com.nakanisynth.iOSTurtorialUITests;
				PRODUCT_NAME = "$(TARGET_NAME)";
				SWIFT_VERSION = 4.2;
				TARGETED_DEVICE_FAMILY = "1,2";
				TEST_TARGET_NAME = iOSTurtorial;
			};
			name = Release;
		};
/* End XCBuildConfiguration section */

/* Begin XCConfigurationList section */
		E64A0F4E221ADE9700BA005C /* Build configuration list for PBXProject "iOSTurtorial" */ = {
			isa = XCConfigurationList;
			buildConfigurations = (
				E64A0F79221ADE9800BA005C /* Debug */,
				E64A0F7A221ADE9800BA005C /* Release */,
			);
			defaultConfigurationIsVisible = 0;
			defaultConfigurationName = Release;
		};
		E64A0F7B221ADE9800BA005C /* Build configuration list for PBXNativeTarget "iOSTurtorial" */ = {
			isa = XCConfigurationList;
			buildConfigurations = (
				E64A0F7C221ADE9800BA005C /* Debug */,
				E64A0F7D221ADE9800BA005C /* Release */,
			);
			defaultConfigurationIsVisible = 0;
			defaultConfigurationName = Release;
		};
		E64A0F7E221ADE9800BA005C /* Build configuration list for PBXNativeTarget "iOSTurtorialTests" */ = {
			isa = XCConfigurationList;
			buildConfigurations = (
				E64A0F7F221ADE9800BA005C /* Debug */,
				E64A0F80221ADE9800BA005C /* Release */,
			);
			defaultConfigurationIsVisible = 0;
			defaultConfigurationName = Release;
		};
		E64A0F81221ADE9800BA005C /* Build configuration list for PBXNativeTarget "iOSTurtorialUITests" */ = {
			isa = XCConfigurationList;
			buildConfigurations = (
				E64A0F82221ADE9800BA005C /* Debug */,
				E64A0F83221ADE9800BA005C /* Release */,
			);
			defaultConfigurationIsVisible = 0;
			defaultConfigurationName = Release;
		};
/* End XCConfigurationList section */
	};
	rootObject = E64A0F4B221ADE9700BA005C /* Project object */;
}
